Microsoft Visual Studio Solution File, Format Version 10.00
# Visual Studio 2008

Project("{E2E80325-6F07-B825-9822-A30548A4C4AB}") = "Ourobonus", "Assembly-CSharp.csproj", "{62108E74-A693-A9C0-3C24-BC5F1938B8D4}"
EndProject
Global
	GlobalSection(SolutionConfigurationPlatforms) = preSolution
		Debug|Any CPU = Debug|Any CPU
		Release|Any CPU = Release|Any CPU
	EndGlobalSection
	GlobalSection(ProjectConfigurationPlatforms) = postSolution
		{62108E74-A693-A9C0-3C24-BC5F1938B8D4}.Debug|Any CPU.ActiveCfg = Debug|Any CPU
		{62108E74-A693-A9C0-3C24-BC5F1938B8D4}.Debug|Any CPU.Build.0 = Debug|Any CPU
		{62108E74-A693-A9C0-3C24-BC5F1938B8D4}.Release|Any CPU.ActiveCfg = Release|Any CPU
		{62108E74-A693-A9C0-3C24-BC5F1938B8D4}.Release|Any CPU.Build.0 = Release|Any CPU
	EndGlobalSection
	GlobalSection(SolutionProperties) = preSolution
		HideSolutionNode = FALSE
	EndGlobalSection
	
EndGlobal
